
Microsoft Visual Studio Solution File, Format Version 12.00
# Visual Studio 15
VisualStudioVersion = 15.0.28307.168
MinimumVisualStudioVersion = 10.0.40219.1
Project("{FAE04EC0-301F-11D3-BF4B-00C04F79EFBC}") = "ControlPanelServer", "ControlPanelForSafeControl\ControlPanelServer.csproj", "{1C44D4D9-81E9-42CB-A66E-EC40071E328D}"
EndProject
Project("{FAE04EC0-301F-11D3-BF4B-00C04F79EFBC}") = "ControlPanelClient", "ControlPanelClient\ControlPanelClient.csproj", "{3834E06C-3608-4B1B-9472-DA8991BF463B}"
EndProject
Project("{FAE04EC0-301F-11D3-BF4B-00C04F79EFBC}") = "Common", "Common\Common.csproj", "{1ED24440-1C8E-4187-A7C7-E685F967FB14}"
EndProject
Project("{FAE04EC0-301F-11D3-BF4B-00C04F79EFBC}") = "HTTPProtocolFilter", "HTTPProtocolFilter\HTTPProtocolFilter.csproj", "{8BCAC42C-EF4F-4510-A327-3EE7E7AE80AC}"
EndProject
Project("{FAE04EC0-301F-11D3-BF4B-00C04F79EFBC}") = "HTTPProtocolFilterTests", "HTTPProtocolFilterTests\HTTPProtocolFilterTests.csproj", "{8A5FEC01-1B70-4D63-B0B2-791C37B3B7B4}"
EndProject
Project("{FAE04EC0-301F-11D3-BF4B-00C04F79EFBC}") = "HTTPProtocolFilter_GuiHelper", "HTTPProtocolFilter_GuiHelper\HTTPProtocolFilter_GuiHelper.csproj", "{73F3BFE5-02B6-44D4-9CAF-F24F4A74AC6A}"
EndProject
Project("{FAE04EC0-301F-11D3-BF4B-00C04F79EFBC}") = "CheckBlacklistedWifi", "CheckBlacklistedWifi\CheckBlacklistedWifi.csproj", "{A90885FE-F4F7-467B-9A1F-01BF2EE4C11E}"
EndProject
Project("{FAE04EC0-301F-11D3-BF4B-00C04F79EFBC}") = "TimeBlock_GuiHelper", "TimeBlock_GuiHelper\TimeBlock_GuiHelper.csproj", "{39A420E6-2C0C-4F57-9FDF-52755E6C0D8F}"
EndProject
Project("{FAE04EC0-301F-11D3-BF4B-00C04F79EFBC}") = "TimeBlock_GuiHelperTests", "TimeBlock_GuiHelperTests\TimeBlock_GuiHelperTests.csproj", "{9F4B8103-8A13-4074-B082-4E1616F9B2D4}"
EndProject
Project("{FAE04EC0-301F-11D3-BF4B-00C04F79EFBC}") = "CheckBlacklistedWifiTests", "CheckBlacklistedWifiTests\CheckBlacklistedWifiTests.csproj", "{22940B16-E5F7-46BF-B6C9-851FCA26F85D}"
EndProject
Global
	GlobalSection(SolutionConfigurationPlatforms) = preSolution
		Debug|Any CPU = Debug|Any CPU
		Debug|x86 = Debug|x86
		Release|Any CPU = Release|Any CPU
		Release|x86 = Release|x86
	EndGlobalSection
	GlobalSection(ProjectConfigurationPlatforms) = postSolution
		{1C44D4D9-81E9-42CB-A66E-EC40071E328D}.Debug|Any CPU.ActiveCfg = Debug|Any CPU
		{1C44D4D9-81E9-42CB-A66E-EC40071E328D}.Debug|Any CPU.Build.0 = Debug|Any CPU
		{1C44D4D9-81E9-42CB-A66E-EC40071E328D}.Debug|x86.ActiveCfg = Debug|x86
		{1C44D4D9-81E9-42CB-A66E-EC40071E328D}.Debug|x86.Build.0 = Debug|x86
		{1C44D4D9-81E9-42CB-A66E-EC40071E328D}.Release|Any CPU.ActiveCfg = Release|Any CPU
		{1C44D4D9-81E9-42CB-A66E-EC40071E328D}.Release|Any CPU.Build.0 = Release|Any CPU
		{1C44D4D9-81E9-42CB-A66E-EC40071E328D}.Release|x86.ActiveCfg = Release|x86
		{1C44D4D9-81E9-42CB-A66E-EC40071E328D}.Release|x86.Build.0 = Release|x86
		{3834E06C-3608-4B1B-9472-DA8991BF463B}.Debug|Any CPU.ActiveCfg = Debug|Any CPU
		{3834E06C-3608-4B1B-9472-DA8991BF463B}.Debug|Any CPU.Build.0 = Debug|Any CPU
		{3834E06C-3608-4B1B-9472-DA8991BF463B}.Debug|x86.ActiveCfg = Debug|x86
		{3834E06C-3608-4B1B-9472-DA8991BF463B}.Debug|x86.Build.0 = Debug|x86
		{3834E06C-3608-4B1B-9472-DA8991BF463B}.Release|Any CPU.ActiveCfg = Release|Any CPU
		{3834E06C-3608-4B1B-9472-DA8991BF463B}.Release|Any CPU.Build.0 = Release|Any CPU
		{3834E06C-3608-4B1B-9472-DA8991BF463B}.Release|x86.ActiveCfg = Release|x86
		{3834E06C-3608-4B1B-9472-DA8991BF463B}.Release|x86.Build.0 = Release|x86
		{1ED24440-1C8E-4187-A7C7-E685F967FB14}.Debug|Any CPU.ActiveCfg = Debug|Any CPU
		{1ED24440-1C8E-4187-A7C7-E685F967FB14}.Debug|Any CPU.Build.0 = Debug|Any CPU
		{1ED24440-1C8E-4187-A7C7-E685F967FB14}.Debug|x86.ActiveCfg = Debug|x86
		{1ED24440-1C8E-4187-A7C7-E685F967FB14}.Debug|x86.Build.0 = Debug|x86
		{1ED24440-1C8E-4187-A7C7-E685F967FB14}.Release|Any CPU.ActiveCfg = Release|Any CPU
		{1ED24440-1C8E-4187-A7C7-E685F967FB14}.Release|Any CPU.Build.0 = Release|Any CPU
		{1ED24440-1C8E-4187-A7C7-E685F967FB14}.Release|x86.ActiveCfg = Release|x86
		{1ED24440-1C8E-4187-A7C7-E685F967FB14}.Release|x86.Build.0 = Release|x86
		{8BCAC42C-EF4F-4510-A327-3EE7E7AE80AC}.Debug|Any CPU.ActiveCfg = Debug|Any CPU
		{8BCAC42C-EF4F-4510-A327-3EE7E7AE80AC}.Debug|Any CPU.Build.0 = Debug|Any CPU
		{8BCAC42C-EF4F-4510-A327-3EE7E7AE80AC}.Debug|x86.ActiveCfg = Debug|x86
		{8BCAC42C-EF4F-4510-A327-3EE7E7AE80AC}.Debug|x86.Build.0 = Debug|x86
		{8BCAC42C-EF4F-4510-A327-3EE7E7AE80AC}.Release|Any CPU.ActiveCfg = Release|Any CPU
		{8BCAC42C-EF4F-4510-A327-3EE7E7AE80AC}.Release|Any CPU.Build.0 = Release|Any CPU
		{8BCAC42C-EF4F-4510-A327-3EE7E7AE80AC}.Release|x86.ActiveCfg = Release|x86
		{8BCAC42C-EF4F-4510-A327-3EE7E7AE80AC}.Release|x86.Build.0 = Release|x86
		{8A5FEC01-1B70-4D63-B0B2-791C37B3B7B4}.Debug|Any CPU.ActiveCfg = Debug|Any CPU
		{8A5FEC01-1B70-4D63-B0B2-791C37B3B7B4}.Debug|Any CPU.Build.0 = Debug|Any CPU
		{8A5FEC01-1B70-4D63-B0B2-791C37B3B7B4}.Debug|x86.ActiveCfg = Debug|x86
		{8A5FEC01-1B70-4D63-B0B2-791C37B3B7B4}.Debug|x86.Build.0 = Debug|x86
		{8A5FEC01-1B70-4D63-B0B2-791C37B3B7B4}.Release|Any CPU.ActiveCfg = Release|Any CPU
		{8A5FEC01-1B70-4D63-B0B2-791C37B3B7B4}.Release|Any CPU.Build.0 = Release|Any CPU
		{8A5FEC01-1B70-4D63-B0B2-791C37B3B7B4}.Release|x86.ActiveCfg = Release|x86
		{8A5FEC01-1B70-4D63-B0B2-791C37B3B7B4}.Release|x86.Build.0 = Release|x86
		{73F3BFE5-02B6-44D4-9CAF-F24F4A74AC6A}.Debug|Any CPU.ActiveCfg = Debug|Any CPU
		{73F3BFE5-02B6-44D4-9CAF-F24F4A74AC6A}.Debug|Any CPU.Build.0 = Debug|Any CPU
		{73F3BFE5-02B6-44D4-9CAF-F24F4A74AC6A}.Debug|x86.ActiveCfg = Debug|x86
		{73F3BFE5-02B6-44D4-9CAF-F24F4A74AC6A}.Debug|x86.Build.0 = Debug|x86
		{73F3BFE5-02B6-44D4-9CAF-F24F4A74AC6A}.Release|Any CPU.ActiveCfg = Release|Any CPU
		{73F3BFE5-02B6-44D4-9CAF-F24F4A74AC6A}.Release|Any CPU.Build.0 = Release|Any CPU
		{73F3BFE5-02B6-44D4-9CAF-F24F4A74AC6A}.Release|x86.ActiveCfg = Release|x86
		{73F3BFE5-02B6-44D4-9CAF-F24F4A74AC6A}.Release|x86.Build.0 = Release|x86
		{A90885FE-F4F7-467B-9A1F-01BF2EE4C11E}.Debug|Any CPU.ActiveCfg = Debug|Any CPU
		{A90885FE-F4F7-467B-9A1F-01BF2EE4C11E}.Debug|Any CPU.Build.0 = Debug|Any CPU
		{A90885FE-F4F7-467B-9A1F-01BF2EE4C11E}.Debug|x86.ActiveCfg = Debug|x86
		{A90885FE-F4F7-467B-9A1F-01BF2EE4C11E}.Debug|x86.Build.0 = Debug|x86
		{A90885FE-F4F7-467B-9A1F-01BF2EE4C11E}.Release|Any CPU.ActiveCfg = Release|Any CPU
		{A90885FE-F4F7-467B-9A1F-01BF2EE4C11E}.Release|Any CPU.Build.0 = Release|Any CPU
		{A90885FE-F4F7-467B-9A1F-01BF2EE4C11E}.Release|x86.ActiveCfg = Release|x86
		{A90885FE-F4F7-467B-9A1F-01BF2EE4C11E}.Release|x86.Build.0 = Release|x86
		{39A420E6-2C0C-4F57-9FDF-52755E6C0D8F}.Debug|Any CPU.ActiveCfg = Debug|Any CPU
		{39A420E6-2C0C-4F57-9FDF-52755E6C0D8F}.Debug|Any CPU.Build.0 = Debug|Any CPU
		{39A420E6-2C0C-4F57-9FDF-52755E6C0D8F}.Debug|x86.ActiveCfg = Debug|x86
		{39A420E6-2C0C-4F57-9FDF-52755E6C0D8F}.Debug|x86.Build.0 = Debug|x86
		{39A420E6-2C0C-4F57-9FDF-52755E6C0D8F}.Release|Any CPU.ActiveCfg = Release|Any CPU
		{39A420E6-2C0C-4F57-9FDF-52755E6C0D8F}.Release|Any CPU.Build.0 = Release|Any CPU
		{39A420E6-2C0C-4F57-9FDF-52755E6C0D8F}.Release|x86.ActiveCfg = Release|x86
		{39A420E6-2C0C-4F57-9FDF-52755E6C0D8F}.Release|x86.Build.0 = Release|x86
		{9F4B8103-8A13-4074-B082-4E1616F9B2D4}.Debug|Any CPU.ActiveCfg = Debug|Any CPU
		{9F4B8103-8A13-4074-B082-4E1616F9B2D4}.Debug|Any CPU.Build.0 = Debug|Any CPU
		{9F4B8103-8A13-4074-B082-4E1616F9B2D4}.Debug|x86.ActiveCfg = Debug|x86
		{9F4B8103-8A13-4074-B082-4E1616F9B2D4}.Debug|x86.Build.0 = Debug|x86
		{9F4B8103-8A13-4074-B082-4E1616F9B2D4}.Release|Any CPU.ActiveCfg = Release|Any CPU
		{9F4B8103-8A13-4074-B082-4E1616F9B2D4}.Release|Any CPU.Build.0 = Release|Any CPU
		{9F4B8103-8A13-4074-B082-4E1616F9B2D4}.Release|x86.ActiveCfg = Release|x86
		{9F4B8103-8A13-4074-B082-4E1616F9B2D4}.Release|x86.Build.0 = Release|x86
		{22940B16-E5F7-46BF-B6C9-851FCA26F85D}.Debug|Any CPU.ActiveCfg = Debug|Any CPU
		{22940B16-E5F7-46BF-B6C9-851FCA26F85D}.Debug|Any CPU.Build.0 = Debug|Any CPU
		{22940B16-E5F7-46BF-B6C9-851FCA26F85D}.Debug|x86.ActiveCfg = Debug|x86
		{22940B16-E5F7-46BF-B6C9-851FCA26F85D}.Debug|x86.Build.0 = Debug|x86
		{22940B16-E5F7-46BF-B6C9-851FCA26F85D}.Release|Any CPU.ActiveCfg = Release|Any CPU
		{22940B16-E5F7-46BF-B6C9-851FCA26F85D}.Release|Any CPU.Build.0 = Release|Any CPU
		{22940B16-E5F7-46BF-B6C9-851FCA26F85D}.Release|x86.ActiveCfg = Release|x86
		{22940B16-E5F7-46BF-B6C9-851FCA26F85D}.Release|x86.Build.0 = Release|x86
	EndGlobalSection
	GlobalSection(SolutionProperties) = preSolution
		HideSolutionNode = FALSE
	EndGlobalSection
	GlobalSection(ExtensibilityGlobals) = postSolution
		SolutionGuid = {0738FE8D-D0D0-4BBE-AD48-1FD3232D21F0}
	EndGlobalSection
EndGlobal
