
Microsoft Visual Studio Solution File, Format Version 12.00
# Visual Studio 15
VisualStudioVersion = 15.0.28307.168
MinimumVisualStudioVersion = 10.0.40219.1
Project("{FAE04EC0-301F-11D3-BF4B-00C04F79EFBC}") = "SimpleHTTPSProxyFilter", "SimpleHTTPSProxyFilter\SimpleHTTPSProxyFilter.csproj", "{67C88B80-6B9F-43BC-A21A-0BAF80101365}"
EndProject
Project("{FAE04EC0-301F-11D3-BF4B-00C04F79EFBC}") = "ControlPanelServer", "ControlPanelForSafeControl\ControlPanelServer.csproj", "{1C44D4D9-81E9-42CB-A66E-EC40071E328D}"
EndProject
Project("{FAE04EC0-301F-11D3-BF4B-00C04F79EFBC}") = "ControlPanelClient", "ControlPanelClient\ControlPanelClient.csproj", "{3834E06C-3608-4B1B-9472-DA8991BF463B}"
EndProject
Project("{FAE04EC0-301F-11D3-BF4B-00C04F79EFBC}") = "Common", "Common\Common.csproj", "{1ED24440-1C8E-4187-A7C7-E685F967FB14}"
EndProject
Project("{FAE04EC0-301F-11D3-BF4B-00C04F79EFBC}") = "HTTPProtocolFilter", "HTTPProtocolFilter\HTTPProtocolFilter.csproj", "{8BCAC42C-EF4F-4510-A327-3EE7E7AE80AC}"
EndProject
Project("{FAE04EC0-301F-11D3-BF4B-00C04F79EFBC}") = "HTTPProtocolFilterTests", "HTTPProtocolFilterTests\HTTPProtocolFilterTests.csproj", "{8A5FEC01-1B70-4D63-B0B2-791C37B3B7B4}"
EndProject
Global
	GlobalSection(SolutionConfigurationPlatforms) = preSolution
		Debug|Any CPU = Debug|Any CPU
		Release|Any CPU = Release|Any CPU
	EndGlobalSection
	GlobalSection(ProjectConfigurationPlatforms) = postSolution
		{67C88B80-6B9F-43BC-A21A-0BAF80101365}.Debug|Any CPU.ActiveCfg = Debug|Any CPU
		{67C88B80-6B9F-43BC-A21A-0BAF80101365}.Debug|Any CPU.Build.0 = Debug|Any CPU
		{67C88B80-6B9F-43BC-A21A-0BAF80101365}.Release|Any CPU.ActiveCfg = Release|Any CPU
		{67C88B80-6B9F-43BC-A21A-0BAF80101365}.Release|Any CPU.Build.0 = Release|Any CPU
		{1C44D4D9-81E9-42CB-A66E-EC40071E328D}.Debug|Any CPU.ActiveCfg = Debug|Any CPU
		{1C44D4D9-81E9-42CB-A66E-EC40071E328D}.Debug|Any CPU.Build.0 = Debug|Any CPU
		{1C44D4D9-81E9-42CB-A66E-EC40071E328D}.Release|Any CPU.ActiveCfg = Release|Any CPU
		{1C44D4D9-81E9-42CB-A66E-EC40071E328D}.Release|Any CPU.Build.0 = Release|Any CPU
		{3834E06C-3608-4B1B-9472-DA8991BF463B}.Debug|Any CPU.ActiveCfg = Debug|Any CPU
		{3834E06C-3608-4B1B-9472-DA8991BF463B}.Debug|Any CPU.Build.0 = Debug|Any CPU
		{3834E06C-3608-4B1B-9472-DA8991BF463B}.Release|Any CPU.ActiveCfg = Release|Any CPU
		{3834E06C-3608-4B1B-9472-DA8991BF463B}.Release|Any CPU.Build.0 = Release|Any CPU
		{1ED24440-1C8E-4187-A7C7-E685F967FB14}.Debug|Any CPU.ActiveCfg = Debug|Any CPU
		{1ED24440-1C8E-4187-A7C7-E685F967FB14}.Debug|Any CPU.Build.0 = Debug|Any CPU
		{1ED24440-1C8E-4187-A7C7-E685F967FB14}.Release|Any CPU.ActiveCfg = Release|Any CPU
		{1ED24440-1C8E-4187-A7C7-E685F967FB14}.Release|Any CPU.Build.0 = Release|Any CPU
		{8BCAC42C-EF4F-4510-A327-3EE7E7AE80AC}.Debug|Any CPU.ActiveCfg = Debug|Any CPU
		{8BCAC42C-EF4F-4510-A327-3EE7E7AE80AC}.Debug|Any CPU.Build.0 = Debug|Any CPU
		{8BCAC42C-EF4F-4510-A327-3EE7E7AE80AC}.Release|Any CPU.ActiveCfg = Release|Any CPU
		{8BCAC42C-EF4F-4510-A327-3EE7E7AE80AC}.Release|Any CPU.Build.0 = Release|Any CPU
		{8A5FEC01-1B70-4D63-B0B2-791C37B3B7B4}.Debug|Any CPU.ActiveCfg = Debug|Any CPU
		{8A5FEC01-1B70-4D63-B0B2-791C37B3B7B4}.Debug|Any CPU.Build.0 = Debug|Any CPU
		{8A5FEC01-1B70-4D63-B0B2-791C37B3B7B4}.Release|Any CPU.ActiveCfg = Release|Any CPU
		{8A5FEC01-1B70-4D63-B0B2-791C37B3B7B4}.Release|Any CPU.Build.0 = Release|Any CPU
	EndGlobalSection
	GlobalSection(SolutionProperties) = preSolution
		HideSolutionNode = FALSE
	EndGlobalSection
	GlobalSection(ExtensibilityGlobals) = postSolution
		SolutionGuid = {0738FE8D-D0D0-4BBE-AD48-1FD3232D21F0}
	EndGlobalSection
EndGlobal
